dependencies:
- name: postgres
  repository: file://../charts/infra/postgres
  version: 0.1.0
- name: rabbitmq
  repository: file://../charts/infra/rabbitmq
  version: 0.1.0
- name: redis
  repository: file://../charts/infra/redis
  version: 0.1.0
- name: kafka
  repository: file://../charts/infra/kafka
  version: 0.1.0
- name: schema-registry
  repository: file://../charts/infra/schema-registry
  version: 0.1.0
- name: pgadmin
  repository: file://../charts/infra/pgadmin
  version: 1.0.0
- name: seed-data
  repository: file://../charts/infra/seed-data
  version: 0.1.0
- name: external-secrets
  repository: file://../charts/platform/external-secrets
  version: 0.1.0
- name: pms-ingress
  repository: file://../charts/platform/pms-ingress
  version: 1.0.0
- name: apigateway
  repository: file://../charts/services/apigateway
  version: 0.1.0
- name: auth
  repository: file://../charts/services/auth
  version: 0.1.0
- name: simulation
  repository: file://../charts/services/simulation
  version: 0.1.0
- name: portfolio
  repository: file://../charts/services/portfolio
  version: 0.1.0
- name: trade-capture
  repository: file://../charts/services/trade-capture
  version: 0.1.0
- name: validation
  repository: file://../charts/services/validation
  version: 0.1.0
- name: transactional
  repository: file://../charts/services/transactional
  version: 0.1.0
- name: analytics
  repository: file://../charts/services/analytics
  version: 0.1.0
- name: leaderboard
  repository: file://../charts/services/leaderboard
  version: 0.1.0
- name: rttm
  repository: file://../charts/services/rttm
  version: 0.1.0
- name: frontend
  repository: file://../charts/services/frontend
  version: 0.1.0
digest: sha256:784617ad7d15569f678896a979a8337457e303761aba197e4e619aa6a3b4186c
generated: "2026-02-06T12:54:25.807506331Z"
