dependencies:
- name: postgres
  repository: file://../charts/infra/postgres
  version: 0.1.0
- name: rabbitmq
  repository: file://../charts/infra/rabbitmq
  version: 0.1.0
- name: redis
  repository: file://../charts/infra/redis
  version: 0.1.0
- name: kafka
  repository: file://../charts/infra/kafka
  version: 0.1.0
- name: schema-registry
  repository: file://../charts/infra/schema-registry
  version: 0.1.0
- name: external-secrets
  repository: file://../charts/platform/external-secrets
  version: 0.1.0
- name: apigateway
  repository: file://../charts/services/apigateway
  version: 0.1.0
- name: auth
  repository: file://../charts/services/auth
  version: 0.1.0
- name: simulation
  repository: file://../charts/services/simulation
  version: 0.1.0
- name: portfolio
  repository: file://../charts/services/portfolio
  version: 0.1.0
- name: trade-capture
  repository: file://../charts/services/trade-capture
  version: 0.1.0
- name: validation
  repository: file://../charts/services/validation
  version: 0.1.0
- name: transactional
  repository: file://../charts/services/transactional
  version: 0.1.0
- name: analytics
  repository: file://../charts/services/analytics
  version: 0.1.0
digest: sha256:9982b9ab6401294be157695cb0f0463d2cec7a3a3c57a3522ba6b20092b4d972
generated: "2026-01-22T10:36:03.432522426Z"
