dependencies:
- name: postgres
  repository: file://../../infra/postgres
  version: 0.1.0
- name: kafka
  repository: file://../../infra/kafka
  version: 0.1.0
- name: rabbitmq
  repository: file://../../infra/rabbitmq
  version: 0.1.0
- name: redis
  repository: file://../../infra/redis
  version: 0.1.0
- name: schema-registry
  repository: file://../../infra/schema-registry
  version: 0.1.0
- name: external-secrets
  repository: file://../../platform/external-secrets
  version: 0.1.0
- name: apigateway
  repository: file://../../services/apigateway
  version: 0.1.0
- name: auth
  repository: file://../../services/auth
  version: 0.1.0
- name: simulation
  repository: file://../../services/simulation
  version: 0.1.0
- name: trade-capture
  repository: file://../../services/trade-capture
  version: 0.1.0
- name: validation
  repository: file://../../services/validation
  version: 0.1.0
digest: sha256:f5a7515a8850086c74975265810aec3ee97e189e09d64fb8a5acfa242c85015f
generated: "2026-01-09T06:38:58.041312388Z"
